{
  "originHash" : "66b306466531b7bf5e5ba6b670fdcb50f295aa5d04f36c26e68a18bea85ce6a2",
  "pins" : [
    {
      "identity" : "alamofire",
      "kind" : "remoteSourceControl",
      "location" : "https://github.com/Alamofire/Alamofire.git",
      "state" : {
        "revision" : "513364f870f6bfc468f9d2ff0a95caccc10044c5",
        "version" : "5.10.2"
      }
    },
    {
      "identity" : "alamofireeasylogger",
      "kind" : "remoteSourceControl",
      "location" : "https://github.com/strvcom/AlamofireEasyLogger",
      "state" : {
        "revision" : "40224e5206d8f6561561c2b8d1a217d0c500253d",
        "version" : "1.6.0"
      }
    },
    {
      "identity" : "combinenetwork",
      "kind" : "remoteSourceControl",
      "location" : "https://github.com/IbrahimMoGedami/CombineNetwork.git",
      "state" : {
        "branch" : "developement",
        "revision" : "20ad44ae38800869b79fd23346003ab3a6d76965"
      }
    }
  ],
  "version" : 3
}
