// !$*UTF8*$!
{
	archiveVersion = 1;
	classes = {
	};
	objectVersion = 56;
	objects = {

/* Begin PBXBuildFile section */
		0577D7432DC5EF2700433771 /* Validator.swift in Sources */ = {isa = PBXBuildFile; fileRef = 0577D7412DC5EF2700433771 /* Validator.swift */; };
		0577D7452DC5EF3000433771 /* CompositeValidator.swift in Sources */ = {isa = PBXBuildFile; fileRef = 0577D7442DC5EF3000433771 /* CompositeValidator.swift */; };
		0577D7472DC5EFD700433771 /* ValidationFactory.swift in Sources */ = {isa = PBXBuildFile; fileRef = 0577D7462DC5EFD700433771 /* ValidationFactory.swift */; };
		0577D74D2DC5FF2E00433771 /* RequiredFieldModifier.swift in Sources */ = {isa = PBXBuildFile; fileRef = 0577D74C2DC5FF2E00433771 /* RequiredFieldModifier.swift */; };
		2520B6972DB900FE00DD05FC /* AlamofireEasyLogger in Frameworks */ = {isa = PBXBuildFile; productRef = 2520B6962DB900FE00DD05FC /* AlamofireEasyLogger */; };
		2520B69A2DB9010F00DD05FC /* Alamofire in Frameworks */ = {isa = PBXBuildFile; productRef = 2520B6992DB9010F00DD05FC /* Alamofire */; };
		256EC6402DB8FADA009F4D35 /* NewLearningsApp.swift in Sources */ = {isa = PBXBuildFile; fileRef = 256EC63F2DB8FADA009F4D35 /* NewLearningsApp.swift */; };
		256EC6422DB8FADA009F4D35 /* ContentView.swift in Sources */ = {isa = PBXBuildFile; fileRef = 256EC6412DB8FADA009F4D35 /* ContentView.swift */; };
		256EC6442DB8FADE009F4D35 /* Assets.xcassets in Resources */ = {isa = PBXBuildFile; fileRef = 256EC6432DB8FADE009F4D35 /* Assets.xcassets */; };
		256EC6472DB8FADE009F4D35 /* Preview Assets.xcassets in Resources */ = {isa = PBXBuildFile; fileRef = 256EC6462DB8FADE009F4D35 /* Preview Assets.xcassets */; };
		256EC6512DB8FADF009F4D35 /* NewLearningsTests.swift in Sources */ = {isa = PBXBuildFile; fileRef = 256EC6502DB8FADF009F4D35 /* NewLearningsTests.swift */; };
		25E20FA52DB924A6002BCB2D /* CombineNetwork in Frameworks */ = {isa = PBXBuildFile; productRef = 25E20FA42DB924A6002BCB2D /* CombineNetwork */; };
		25E20FA82DB92609002BCB2D /* FloatingBorderTextField.swift in Sources */ = {isa = PBXBuildFile; fileRef = 25E20FA72DB92609002BCB2D /* FloatingBorderTextField.swift */; };
/* End PBXBuildFile section */

/* Begin PBXContainerItemProxy section */
		256EC64D2DB8FADF009F4D35 /* PBXContainerItemProxy */ = {
			isa = PBXContainerItemProxy;
			containerPortal = 256EC6342DB8FADA009F4D35 /* Project object */;
			proxyType = 1;
			remoteGlobalIDString = 256EC63B2DB8FADA009F4D35;
			remoteInfo = NewLearnings;
		};
/* End PBXContainerItemProxy section */

/* Begin PBXFileReference section */
		0577D7412DC5EF2700433771 /* Validator.swift */ = {isa = PBXFileReference; lastKnownFileType = sourcecode.swift; path = Validator.swift; sourceTree = "<group>"; };
		0577D7442DC5EF3000433771 /* CompositeValidator.swift */ = {isa = PBXFileReference; lastKnownFileType = sourcecode.swift; path = CompositeValidator.swift; sourceTree = "<group>"; };
		0577D7462DC5EFD700433771 /* ValidationFactory.swift */ = {isa = PBXFileReference; lastKnownFileType = sourcecode.swift; path = ValidationFactory.swift; sourceTree = "<group>"; };
		0577D74C2DC5FF2E00433771 /* RequiredFieldModifier.swift */ = {isa = PBXFileReference; lastKnownFileType = sourcecode.swift; path = RequiredFieldModifier.swift; sourceTree = "<group>"; };
		256EC63C2DB8FADA009F4D35 /* NewLearnings.app */ = {isa = PBXFileReference; explicitFileType = wrapper.application; includeInIndex = 0; path = NewLearnings.app; sourceTree = BUILT_PRODUCTS_DIR; };
		256EC63F2DB8FADA009F4D35 /* NewLearningsApp.swift */ = {isa = PBXFileReference; lastKnownFileType = sourcecode.swift; path = NewLearningsApp.swift; sourceTree = "<group>"; };
		256EC6412DB8FADA009F4D35 /* ContentView.swift */ = {isa = PBXFileReference; lastKnownFileType = sourcecode.swift; path = ContentView.swift; sourceTree = "<group>"; };
		256EC6432DB8FADE009F4D35 /* Assets.xcassets */ = {isa = PBXFileReference; lastKnownFileType = folder.assetcatalog; path = Assets.xcassets; sourceTree = "<group>"; };
		256EC6462DB8FADE009F4D35 /* Preview Assets.xcassets */ = {isa = PBXFileReference; lastKnownFileType = folder.assetcatalog; path = "Preview Assets.xcassets"; sourceTree = "<group>"; };
		256EC64C2DB8FADF009F4D35 /* NewLearningsTests.xctest */ = {isa = PBXFileReference; explicitFileType = wrapper.cfbundle; includeInIndex = 0; path = NewLearningsTests.xctest; sourceTree = BUILT_PRODUCTS_DIR; };
		256EC6502DB8FADF009F4D35 /* NewLearningsTests.swift */ = {isa = PBXFileReference; lastKnownFileType = sourcecode.swift; path = NewLearningsTests.swift; sourceTree = "<group>"; };
		25E20FA72DB92609002BCB2D /* FloatingBorderTextField.swift */ = {isa = PBXFileReference; lastKnownFileType = sourcecode.swift; path = FloatingBorderTextField.swift; sourceTree = "<group>"; };
/* End PBXFileReference section */

/* Begin PBXFrameworksBuildPhase section */
		256EC6392DB8FADA009F4D35 /* Frameworks */ = {
			isa = PBXFrameworksBuildPhase;
			buildActionMask = 2147483647;
			files = (
				2520B6972DB900FE00DD05FC /* AlamofireEasyLogger in Frameworks */,
				25E20FA52DB924A6002BCB2D /* CombineNetwork in Frameworks */,
				2520B69A2DB9010F00DD05FC /* Alamofire in Frameworks */,
			);
			runOnlyForDeploymentPostprocessing = 0;
		};
		256EC6492DB8FADF009F4D35 /* Frameworks */ = {
			isa = PBXFrameworksBuildPhase;
			buildActionMask = 2147483647;
			files = (
			);
			runOnlyForDeploymentPostprocessing = 0;
		};
/* End PBXFrameworksBuildPhase section */

/* Begin PBXGroup section */
		0577D73D2DC5E9CC00433771 /* FloatingBorderTextField */ = {
			isa = PBXGroup;
			children = (
				25E20FA72DB92609002BCB2D /* FloatingBorderTextField.swift */,
				0577D7422DC5EF2700433771 /* Validator */,
			);
			path = FloatingBorderTextField;
			sourceTree = "<group>";
		};
		0577D7422DC5EF2700433771 /* Validator */ = {
			isa = PBXGroup;
			children = (
				0577D7412DC5EF2700433771 /* Validator.swift */,
				0577D7442DC5EF3000433771 /* CompositeValidator.swift */,
				0577D7462DC5EFD700433771 /* ValidationFactory.swift */,
			);
			path = Validator;
			sourceTree = "<group>";
		};
		0577D74B2DC5FF2A00433771 /* Other */ = {
			isa = PBXGroup;
			children = (
				0577D74C2DC5FF2E00433771 /* RequiredFieldModifier.swift */,
			);
			path = Other;
			sourceTree = "<group>";
		};
		256EC6332DB8FADA009F4D35 = {
			isa = PBXGroup;
			children = (
				256EC63E2DB8FADA009F4D35 /* NewLearnings */,
				256EC64F2DB8FADF009F4D35 /* NewLearningsTests */,
				256EC63D2DB8FADA009F4D35 /* Products */,
			);
			sourceTree = "<group>";
		};
		256EC63D2DB8FADA009F4D35 /* Products */ = {
			isa = PBXGroup;
			children = (
				256EC63C2DB8FADA009F4D35 /* NewLearnings.app */,
				256EC64C2DB8FADF009F4D35 /* NewLearningsTests.xctest */,
			);
			name = Products;
			sourceTree = "<group>";
		};
		256EC63E2DB8FADA009F4D35 /* NewLearnings */ = {
			isa = PBXGroup;
			children = (
				25E20FA62DB925EE002BCB2D /* CustomViews */,
				256EC63F2DB8FADA009F4D35 /* NewLearningsApp.swift */,
				256EC6412DB8FADA009F4D35 /* ContentView.swift */,
				256EC6432DB8FADE009F4D35 /* Assets.xcassets */,
				256EC6452DB8FADE009F4D35 /* Preview Content */,
			);
			path = NewLearnings;
			sourceTree = "<group>";
		};
		256EC6452DB8FADE009F4D35 /* Preview Content */ = {
			isa = PBXGroup;
			children = (
				256EC6462DB8FADE009F4D35 /* Preview Assets.xcassets */,
			);
			path = "Preview Content";
			sourceTree = "<group>";
		};
		256EC64F2DB8FADF009F4D35 /* NewLearningsTests */ = {
			isa = PBXGroup;
			children = (
				256EC6502DB8FADF009F4D35 /* NewLearningsTests.swift */,
			);
			path = NewLearningsTests;
			sourceTree = "<group>";
		};
		25E20FA62DB925EE002BCB2D /* CustomViews */ = {
			isa = PBXGroup;
			children = (
				0577D74B2DC5FF2A00433771 /* Other */,
				0577D73D2DC5E9CC00433771 /* FloatingBorderTextField */,
			);
			path = CustomViews;
			sourceTree = "<group>";
		};
/* End PBXGroup section */

/* Begin PBXNativeTarget section */
		256EC63B2DB8FADA009F4D35 /* NewLearnings */ = {
			isa = PBXNativeTarget;
			buildConfigurationList = 256EC6602DB8FADF009F4D35 /* Build configuration list for PBXNativeTarget "NewLearnings" */;
			buildPhases = (
				256EC6382DB8FADA009F4D35 /* Sources */,
				256EC6392DB8FADA009F4D35 /* Frameworks */,
				256EC63A2DB8FADA009F4D35 /* Resources */,
			);
			buildRules = (
			);
			dependencies = (
			);
			name = NewLearnings;
			packageProductDependencies = (
				2520B6962DB900FE00DD05FC /* AlamofireEasyLogger */,
				2520B6992DB9010F00DD05FC /* Alamofire */,
				25E20FA42DB924A6002BCB2D /* CombineNetwork */,
			);
			productName = NewLearnings;
			productReference = 256EC63C2DB8FADA009F4D35 /* NewLearnings.app */;
			productType = "com.apple.product-type.application";
		};
		256EC64B2DB8FADF009F4D35 /* NewLearningsTests */ = {
			isa = PBXNativeTarget;
			buildConfigurationList = 256EC6632DB8FADF009F4D35 /* Build configuration list for PBXNativeTarget "NewLearningsTests" */;
			buildPhases = (
				256EC6482DB8FADF009F4D35 /* Sources */,
				256EC6492DB8FADF009F4D35 /* Frameworks */,
				256EC64A2DB8FADF009F4D35 /* Resources */,
			);
			buildRules = (
			);
			dependencies = (
				256EC64E2DB8FADF009F4D35 /* PBXTargetDependency */,
			);
			name = NewLearningsTests;
			productName = NewLearningsTests;
			productReference = 256EC64C2DB8FADF009F4D35 /* NewLearningsTests.xctest */;
			productType = "com.apple.product-type.bundle.unit-test";
		};
/* End PBXNativeTarget section */

/* Begin PBXProject section */
		256EC6342DB8FADA009F4D35 /* Project object */ = {
			isa = PBXProject;
			attributes = {
				BuildIndependentTargetsInParallel = 1;
				LastSwiftUpdateCheck = 1530;
				LastUpgradeCheck = 1530;
				TargetAttributes = {
					256EC63B2DB8FADA009F4D35 = {
						CreatedOnToolsVersion = 15.3;
					};
					256EC64B2DB8FADF009F4D35 = {
						CreatedOnToolsVersion = 15.3;
						TestTargetID = 256EC63B2DB8FADA009F4D35;
					};
				};
			};
			buildConfigurationList = 256EC6372DB8FADA009F4D35 /* Build configuration list for PBXProject "NewLearnings" */;
			compatibilityVersion = "Xcode 14.0";
			developmentRegion = en;
			hasScannedForEncodings = 0;
			knownRegions = (
				en,
				Base,
			);
			mainGroup = 256EC6332DB8FADA009F4D35;
			packageReferences = (
				2520B6952DB900FE00DD05FC /* XCRemoteSwiftPackageReference "AlamofireEasyLogger" */,
				2520B6982DB9010F00DD05FC /* XCRemoteSwiftPackageReference "Alamofire" */,
				25E20FA32DB924A6002BCB2D /* XCRemoteSwiftPackageReference "CombineNetwork" */,
			);
			productRefGroup = 256EC63D2DB8FADA009F4D35 /* Products */;
			projectDirPath = "";
			projectRoot = "";
			targets = (
				256EC63B2DB8FADA009F4D35 /* NewLearnings */,
				256EC64B2DB8FADF009F4D35 /* NewLearningsTests */,
			);
		};
/* End PBXProject section */

/* Begin PBXResourcesBuildPhase section */
		256EC63A2DB8FADA009F4D35 /* Resources */ = {
			isa = PBXResourcesBuildPhase;
			buildActionMask = 2147483647;
			files = (
				256EC6472DB8FADE009F4D35 /* Preview Assets.xcassets in Resources */,
				256EC6442DB8FADE009F4D35 /* Assets.xcassets in Resources */,
			);
			runOnlyForDeploymentPostprocessing = 0;
		};
		256EC64A2DB8FADF009F4D35 /* Resources */ = {
			isa = PBXResourcesBuildPhase;
			buildActionMask = 2147483647;
			files = (
			);
			runOnlyForDeploymentPostprocessing = 0;
		};
/* End PBXResourcesBuildPhase section */

/* Begin PBXSourcesBuildPhase section */
		256EC6382DB8FADA009F4D35 /* Sources */ = {
			isa = PBXSourcesBuildPhase;
			buildActionMask = 2147483647;
			files = (
				0577D7452DC5EF3000433771 /* CompositeValidator.swift in Sources */,
				0577D7432DC5EF2700433771 /* Validator.swift in Sources */,
				256EC6422DB8FADA009F4D35 /* ContentView.swift in Sources */,
				0577D7472DC5EFD700433771 /* ValidationFactory.swift in Sources */,
				0577D74D2DC5FF2E00433771 /* RequiredFieldModifier.swift in Sources */,
				256EC6402DB8FADA009F4D35 /* NewLearningsApp.swift in Sources */,
				25E20FA82DB92609002BCB2D /* FloatingBorderTextField.swift in Sources */,
			);
			runOnlyForDeploymentPostprocessing = 0;
		};
		256EC6482DB8FADF009F4D35 /* Sources */ = {
			isa = PBXSourcesBuildPhase;
			buildActionMask = 2147483647;
			files = (
				256EC6512DB8FADF009F4D35 /* NewLearningsTests.swift in Sources */,
			);
			runOnlyForDeploymentPostprocessing = 0;
		};
/* End PBXSourcesBuildPhase section */

/* Begin PBXTargetDependency section */
		256EC64E2DB8FADF009F4D35 /* PBXTargetDependency */ = {
			isa = PBXTargetDependency;
			target = 256EC63B2DB8FADA009F4D35 /* NewLearnings */;
			targetProxy = 256EC64D2DB8FADF009F4D35 /* PBXContainerItemProxy */;
		};
/* End PBXTargetDependency section */

/* Begin XCBuildConfiguration section */
		256EC65E2DB8FADF009F4D35 /* Debug */ = {
			isa = XCBuildConfiguration;
			buildSettings = {
				ALWAYS_SEARCH_USER_PATHS = NO;
				ASSETCATALOG_COMPILER_GENERATE_SWIFT_ASSET_SYMBOL_EXTENSIONS = YES;
				CLANG_ANALYZER_NONNULL = YES;
				CLANG_ANALYZER_NUMBER_OBJECT_CONVERSION = YES_AGGRESSIVE;
				CLANG_CXX_LANGUAGE_STANDARD = "gnu++20";
				CLANG_ENABLE_MODULES = YES;
				CLANG_ENABLE_OBJC_ARC = YES;
				CLANG_ENABLE_OBJC_WEAK = YES;
				CLANG_WARN_BLOCK_CAPTURE_AUTORELEASING = YES;
				CLANG_WARN_BOOL_CONVERSION = YES;
				CLANG_WARN_COMMA = YES;
				CLANG_WARN_CONSTANT_CONVERSION = YES;
				CLANG_WARN_DEPRECATED_OBJC_IMPLEMENTATIONS = YES;
				CLANG_WARN_DIRECT_OBJC_ISA_USAGE = YES_ERROR;
				CLANG_WARN_DOCUMENTATION_COMMENTS = YES;
				CLANG_WARN_EMPTY_BODY = YES;
				CLANG_WARN_ENUM_CONVERSION = YES;
				CLANG_WARN_INFINITE_RECURSION = YES;
				CLANG_WARN_INT_CONVERSION = YES;
				CLANG_WARN_NON_LITERAL_NULL_CONVERSION = YES;
				CLANG_WARN_OBJC_IMPLICIT_RETAIN_SELF = YES;
				CLANG_WARN_OBJC_LITERAL_CONVERSION = YES;
				CLANG_WARN_OBJC_ROOT_CLASS = YES_ERROR;
				CLANG_WARN_QUOTED_INCLUDE_IN_FRAMEWORK_HEADER = YES;
				CLANG_WARN_RANGE_LOOP_ANALYSIS = YES;
				CLANG_WARN_STRICT_PROTOTYPES = YES;
				CLANG_WARN_SUSPICIOUS_MOVE = YES;
				CLANG_WARN_UNGUARDED_AVAILABILITY = YES_AGGRESSIVE;
				CLANG_WARN_UNREACHABLE_CODE = YES;
				CLANG_WARN__DUPLICATE_METHOD_MATCH = YES;
				COPY_PHASE_STRIP = NO;
				DEBUG_INFORMATION_FORMAT = dwarf;
				ENABLE_STRICT_OBJC_MSGSEND = YES;
				ENABLE_TESTABILITY = YES;
				ENABLE_USER_SCRIPT_SANDBOXING = YES;
				GCC_C_LANGUAGE_STANDARD = gnu17;
				GCC_DYNAMIC_NO_PIC = NO;
				GCC_NO_COMMON_BLOCKS = YES;
				GCC_OPTIMIZATION_LEVEL = 0;
				GCC_PREPROCESSOR_DEFINITIONS = (
					"DEBUG=1",
					"$(inherited)",
				);
				GCC_WARN_64_TO_32_BIT_CONVERSION = YES;
				GCC_WARN_ABOUT_RETURN_TYPE = YES_ERROR;
				GCC_WARN_UNDECLARED_SELECTOR = YES;
				GCC_WARN_UNINITIALIZED_AUTOS = YES_AGGRESSIVE;
				GCC_WARN_UNUSED_FUNCTION = YES;
				GCC_WARN_UNUSED_VARIABLE = YES;
				IPHONEOS_DEPLOYMENT_TARGET = 17.4;
				LOCALIZATION_PREFERS_STRING_CATALOGS = YES;
				MTL_ENABLE_DEBUG_INFO = INCLUDE_SOURCE;
				MTL_FAST_MATH = YES;
				ONLY_ACTIVE_ARCH = YES;
				SDKROOT = iphoneos;
				SWIFT_ACTIVE_COMPILATION_CONDITIONS = "DEBUG $(inherited)";
				SWIFT_OPTIMIZATION_LEVEL = "-Onone";
			};
			name = Debug;
		};
		256EC65F2DB8FADF009F4D35 /* Release */ = {
			isa = XCBuildConfiguration;
			buildSettings = {
				ALWAYS_SEARCH_USER_PATHS = NO;
				ASSETCATALOG_COMPILER_GENERATE_SWIFT_ASSET_SYMBOL_EXTENSIONS = YES;
				CLANG_ANALYZER_NONNULL = YES;
				CLANG_ANALYZER_NUMBER_OBJECT_CONVERSION = YES_AGGRESSIVE;
				CLANG_CXX_LANGUAGE_STANDARD = "gnu++20";
				CLANG_ENABLE_MODULES = YES;
				CLANG_ENABLE_OBJC_ARC = YES;
				CLANG_ENABLE_OBJC_WEAK = YES;
				CLANG_WARN_BLOCK_CAPTURE_AUTORELEASING = YES;
				CLANG_WARN_BOOL_CONVERSION = YES;
				CLANG_WARN_COMMA = YES;
				CLANG_WARN_CONSTANT_CONVERSION = YES;
				CLANG_WARN_DEPRECATED_OBJC_IMPLEMENTATIONS = YES;
				CLANG_WARN_DIRECT_OBJC_ISA_USAGE = YES_ERROR;
				CLANG_WARN_DOCUMENTATION_COMMENTS = YES;
				CLANG_WARN_EMPTY_BODY = YES;
				CLANG_WARN_ENUM_CONVERSION = YES;
				CLANG_WARN_INFINITE_RECURSION = YES;
				CLANG_WARN_INT_CONVERSION = YES;
				CLANG_WARN_NON_LITERAL_NULL_CONVERSION = YES;
				CLANG_WARN_OBJC_IMPLICIT_RETAIN_SELF = YES;
				CLANG_WARN_OBJC_LITERAL_CONVERSION = YES;
				CLANG_WARN_OBJC_ROOT_CLASS = YES_ERROR;
				CLANG_WARN_QUOTED_INCLUDE_IN_FRAMEWORK_HEADER = YES;
				CLANG_WARN_RANGE_LOOP_ANALYSIS = YES;
				CLANG_WARN_STRICT_PROTOTYPES = YES;
				CLANG_WARN_SUSPICIOUS_MOVE = YES;
				CLANG_WARN_UNGUARDED_AVAILABILITY = YES_AGGRESSIVE;
				CLANG_WARN_UNREACHABLE_CODE = YES;
				CLANG_WARN__DUPLICATE_METHOD_MATCH = YES;
				COPY_PHASE_STRIP = NO;
				DEBUG_INFORMATION_FORMAT = "dwarf-with-dsym";
				ENABLE_NS_ASSERTIONS = NO;
				ENABLE_STRICT_OBJC_MSGSEND = YES;
				ENABLE_USER_SCRIPT_SANDBOXING = YES;
				GCC_C_LANGUAGE_STANDARD = gnu17;
				GCC_NO_COMMON_BLOCKS = YES;
				GCC_WARN_64_TO_32_BIT_CONVERSION = YES;
				GCC_WARN_ABOUT_RETURN_TYPE = YES_ERROR;
				GCC_WARN_UNDECLARED_SELECTOR = YES;
				GCC_WARN_UNINITIALIZED_AUTOS = YES_AGGRESSIVE;
				GCC_WARN_UNUSED_FUNCTION = YES;
				GCC_WARN_UNUSED_VARIABLE = YES;
				IPHONEOS_DEPLOYMENT_TARGET = 17.4;
				LOCALIZATION_PREFERS_STRING_CATALOGS = YES;
				MTL_ENABLE_DEBUG_INFO = NO;
				MTL_FAST_MATH = YES;
				SDKROOT = iphoneos;
				SWIFT_COMPILATION_MODE = wholemodule;
				VALIDATE_PRODUCT = YES;
			};
			name = Release;
		};
		256EC6612DB8FADF009F4D35 /* Debug */ = {
			isa = XCBuildConfiguration;
			buildSettings = {
				ASSETCATALOG_COMPILER_APPICON_NAME = AppIcon;
				ASSETCATALOG_COMPILER_GLOBAL_ACCENT_COLOR_NAME = AccentColor;
				CODE_SIGN_STYLE = Automatic;
				CURRENT_PROJECT_VERSION = 1;
				DEVELOPMENT_ASSET_PATHS = "\"NewLearnings/Preview Content\"";
				DEVELOPMENT_TEAM = 4NR77LPFLG;
				ENABLE_PREVIEWS = YES;
				GENERATE_INFOPLIST_FILE = YES;
				INFOPLIST_KEY_UIApplicationSceneManifest_Generation = YES;
				INFOPLIST_KEY_UIApplicationSupportsIndirectInputEvents = YES;
				INFOPLIST_KEY_UILaunchScreen_Generation = YES;
				INFOPLIST_KEY_UISupportedInterfaceOrientations_iPad = "UIInterfaceOrientationPortrait UIInterfaceOrientationPortraitUpsideDown UIInterfaceOrientationLandscapeLeft UIInterfaceOrientationLandscapeRight";
				INFOPLIST_KEY_UISupportedInterfaceOrientations_iPhone = "UIInterfaceOrientationPortrait UIInterfaceOrientationLandscapeLeft UIInterfaceOrientationLandscapeRight";
				LD_RUNPATH_SEARCH_PATHS = (
					"$(inherited)",
					"@executable_path/Frameworks",
				);
				MARKETING_VERSION = 1.0;
				PRODUCT_BUNDLE_IDENTIFIER = ibrahimMoGedmi.TestApp;
				PRODUCT_NAME = "$(TARGET_NAME)";
				SWIFT_EMIT_LOC_STRINGS = YES;
				SWIFT_VERSION = 5.0;
				TARGETED_DEVICE_FAMILY = "1,2";
			};
			name = Debug;
		};
		256EC6622DB8FADF009F4D35 /* Release */ = {
			isa = XCBuildConfiguration;
			buildSettings = {
				ASSETCATALOG_COMPILER_APPICON_NAME = AppIcon;
				ASSETCATALOG_COMPILER_GLOBAL_ACCENT_COLOR_NAME = AccentColor;
				CODE_SIGN_STYLE = Automatic;
				CURRENT_PROJECT_VERSION = 1;
				DEVELOPMENT_ASSET_PATHS = "\"NewLearnings/Preview Content\"";
				DEVELOPMENT_TEAM = 4NR77LPFLG;
				ENABLE_PREVIEWS = YES;
				GENERATE_INFOPLIST_FILE = YES;
				INFOPLIST_KEY_UIApplicationSceneManifest_Generation = YES;
				INFOPLIST_KEY_UIApplicationSupportsIndirectInputEvents = YES;
				INFOPLIST_KEY_UILaunchScreen_Generation = YES;
				INFOPLIST_KEY_UISupportedInterfaceOrientations_iPad = "UIInterfaceOrientationPortrait UIInterfaceOrientationPortraitUpsideDown UIInterfaceOrientationLandscapeLeft UIInterfaceOrientationLandscapeRight";
				INFOPLIST_KEY_UISupportedInterfaceOrientations_iPhone = "UIInterfaceOrientationPortrait UIInterfaceOrientationLandscapeLeft UIInterfaceOrientationLandscapeRight";
				LD_RUNPATH_SEARCH_PATHS = (
					"$(inherited)",
					"@executable_path/Frameworks",
				);
				MARKETING_VERSION = 1.0;
				PRODUCT_BUNDLE_IDENTIFIER = ibrahimMoGedmi.TestApp;
				PRODUCT_NAME = "$(TARGET_NAME)";
				SWIFT_EMIT_LOC_STRINGS = YES;
				SWIFT_VERSION = 5.0;
				TARGETED_DEVICE_FAMILY = "1,2";
			};
			name = Release;
		};
		256EC6642DB8FADF009F4D35 /* Debug */ = {
			isa = XCBuildConfiguration;
			buildSettings = {
				ALWAYS_EMBED_SWIFT_STANDARD_LIBRARIES = YES;
				BUNDLE_LOADER = "$(TEST_HOST)";
				CODE_SIGN_STYLE = Automatic;
				CURRENT_PROJECT_VERSION = 1;
				DEVELOPMENT_TEAM = V639XPXR4D;
				GENERATE_INFOPLIST_FILE = YES;
				IPHONEOS_DEPLOYMENT_TARGET = 17.4;
				MARKETING_VERSION = 1.0;
				PRODUCT_BUNDLE_IDENTIFIER = com.ibrahimMoGedami.NewLearningsTests;
				PRODUCT_NAME = "$(TARGET_NAME)";
				SWIFT_EMIT_LOC_STRINGS = NO;
				SWIFT_VERSION = 5.0;
				TARGETED_DEVICE_FAMILY = "1,2";
				TEST_HOST = "$(BUILT_PRODUCTS_DIR)/NewLearnings.app/$(BUNDLE_EXECUTABLE_FOLDER_PATH)/NewLearnings";
			};
			name = Debug;
		};
		256EC6652DB8FADF009F4D35 /* Release */ = {
			isa = XCBuildConfiguration;
			buildSettings = {
				ALWAYS_EMBED_SWIFT_STANDARD_LIBRARIES = YES;
				BUNDLE_LOADER = "$(TEST_HOST)";
				CODE_SIGN_STYLE = Automatic;
				CURRENT_PROJECT_VERSION = 1;
				DEVELOPMENT_TEAM = V639XPXR4D;
				GENERATE_INFOPLIST_FILE = YES;
				IPHONEOS_DEPLOYMENT_TARGET = 17.4;
				MARKETING_VERSION = 1.0;
				PRODUCT_BUNDLE_IDENTIFIER = com.ibrahimMoGedami.NewLearningsTests;
				PRODUCT_NAME = "$(TARGET_NAME)";
				SWIFT_EMIT_LOC_STRINGS = NO;
				SWIFT_VERSION = 5.0;
				TARGETED_DEVICE_FAMILY = "1,2";
				TEST_HOST = "$(BUILT_PRODUCTS_DIR)/NewLearnings.app/$(BUNDLE_EXECUTABLE_FOLDER_PATH)/NewLearnings";
			};
			name = Release;
		};
/* End XCBuildConfiguration section */

/* Begin XCConfigurationList section */
		256EC6372DB8FADA009F4D35 /* Build configuration list for PBXProject "NewLearnings" */ = {
			isa = XCConfigurationList;
			buildConfigurations = (
				256EC65E2DB8FADF009F4D35 /* Debug */,
				256EC65F2DB8FADF009F4D35 /* Release */,
			);
			defaultConfigurationIsVisible = 0;
			defaultConfigurationName = Release;
		};
		256EC6602DB8FADF009F4D35 /* Build configuration list for PBXNativeTarget "NewLearnings" */ = {
			isa = XCConfigurationList;
			buildConfigurations = (
				256EC6612DB8FADF009F4D35 /* Debug */,
				256EC6622DB8FADF009F4D35 /* Release */,
			);
			defaultConfigurationIsVisible = 0;
			defaultConfigurationName = Release;
		};
		256EC6632DB8FADF009F4D35 /* Build configuration list for PBXNativeTarget "NewLearningsTests" */ = {
			isa = XCConfigurationList;
			buildConfigurations = (
				256EC6642DB8FADF009F4D35 /* Debug */,
				256EC6652DB8FADF009F4D35 /* Release */,
			);
			defaultConfigurationIsVisible = 0;
			defaultConfigurationName = Release;
		};
/* End XCConfigurationList section */

/* Begin XCRemoteSwiftPackageReference section */
		2520B6952DB900FE00DD05FC /* XCRemoteSwiftPackageReference "AlamofireEasyLogger" */ = {
			isa = XCRemoteSwiftPackageReference;
			repositoryURL = "https://github.com/strvcom/AlamofireEasyLogger";
			requirement = {
				kind = upToNextMajorVersion;
				minimumVersion = 1.6.0;
			};
		};
		2520B6982DB9010F00DD05FC /* XCRemoteSwiftPackageReference "Alamofire" */ = {
			isa = XCRemoteSwiftPackageReference;
			repositoryURL = "https://github.com/Alamofire/Alamofire";
			requirement = {
				kind = upToNextMajorVersion;
				minimumVersion = 5.10.2;
			};
		};
		25E20FA32DB924A6002BCB2D /* XCRemoteSwiftPackageReference "CombineNetwork" */ = {
			isa = XCRemoteSwiftPackageReference;
			repositoryURL = "https://github.com/IbrahimMoGedami/CombineNetwork.git";
			requirement = {
				branch = developement;
				kind = branch;
			};
		};
/* End XCRemoteSwiftPackageReference section */

/* Begin XCSwiftPackageProductDependency section */
		2520B6962DB900FE00DD05FC /* AlamofireEasyLogger */ = {
			isa = XCSwiftPackageProductDependency;
			package = 2520B6952DB900FE00DD05FC /* XCRemoteSwiftPackageReference "AlamofireEasyLogger" */;
			productName = AlamofireEasyLogger;
		};
		2520B6992DB9010F00DD05FC /* Alamofire */ = {
			isa = XCSwiftPackageProductDependency;
			package = 2520B6982DB9010F00DD05FC /* XCRemoteSwiftPackageReference "Alamofire" */;
			productName = Alamofire;
		};
		25E20FA42DB924A6002BCB2D /* CombineNetwork */ = {
			isa = XCSwiftPackageProductDependency;
			package = 25E20FA32DB924A6002BCB2D /* XCRemoteSwiftPackageReference "CombineNetwork" */;
			productName = CombineNetwork;
		};
/* End XCSwiftPackageProductDependency section */
	};
	rootObject = 256EC6342DB8FADA009F4D35 /* Project object */;
}
